
Microsoft Visual Studio Solution File, Format Version 12.00
# Visual Studio Version 16
VisualStudioVersion = 16.0.30104.148
MinimumVisualStudioVersion = 10.0.40219.1
Project("{FAE04EC0-301F-11D3-BF4B-00C04F79EFBC}") = "L10_2", "L10_2\L10_2.csproj", "{5B38AC5D-8EE4-493E-9658-9E33BEE633A1}"
EndProject
Global
	GlobalSection(SolutionConfigurationPlatforms) = preSolution
		Debug|Any CPU = Debug|Any CPU
		Release|Any CPU = Release|Any CPU
	EndGlobalSection
	GlobalSection(ProjectConfigurationPlatforms) = postSolution
		{5B38AC5D-8EE4-493E-9658-9E33BEE633A1}.Debug|Any CPU.ActiveCfg = Debug|Any CPU
		{5B38AC5D-8EE4-493E-9658-9E33BEE633A1}.Debug|Any CPU.Build.0 = Debug|Any CPU
		{5B38AC5D-8EE4-493E-9658-9E33BEE633A1}.Release|Any CPU.ActiveCfg = Release|Any CPU
		{5B38AC5D-8EE4-493E-9658-9E33BEE633A1}.Release|Any CPU.Build.0 = Release|Any CPU
	EndGlobalSection
	GlobalSection(SolutionProperties) = preSolution
		HideSolutionNode = FALSE
	EndGlobalSection
	GlobalSection(ExtensibilityGlobals) = postSolution
		SolutionGuid = {A5F09F68-5107-4F60-9248-7283D99286DD}
	EndGlobalSection
EndGlobal
