
Microsoft Visual Studio Solution File, Format Version 12.00
# Visual Studio Version 16
VisualStudioVersion = 16.0.29509.3
MinimumVisualStudioVersion = 10.0.40219.1
Project("{FAE04EC0-301F-11D3-BF4B-00C04F79EFBC}") = "NumerosImparesEntre100E200", "NumerosImparesEntre100E200\NumerosImparesEntre100E200.csproj", "{6B55F794-E9C2-42AD-AEDA-503577D19AA5}"
EndProject
Global
	GlobalSection(SolutionConfigurationPlatforms) = preSolution
		Debug|Any CPU = Debug|Any CPU
		Release|Any CPU = Release|Any CPU
	EndGlobalSection
	GlobalSection(ProjectConfigurationPlatforms) = postSolution
		{6B55F794-E9C2-42AD-AEDA-503577D19AA5}.Debug|Any CPU.ActiveCfg = Debug|Any CPU
		{6B55F794-E9C2-42AD-AEDA-503577D19AA5}.Debug|Any CPU.Build.0 = Debug|Any CPU
		{6B55F794-E9C2-42AD-AEDA-503577D19AA5}.Release|Any CPU.ActiveCfg = Release|Any CPU
		{6B55F794-E9C2-42AD-AEDA-503577D19AA5}.Release|Any CPU.Build.0 = Release|Any CPU
	EndGlobalSection
	GlobalSection(SolutionProperties) = preSolution
		HideSolutionNode = FALSE
	EndGlobalSection
	GlobalSection(ExtensibilityGlobals) = postSolution
		SolutionGuid = {946FC08F-14EA-41B3-9A37-50CBA0A356B0}
	EndGlobalSection
EndGlobal
